// !$*UTF8*$!
{
	archiveVersion = 1;
	classes = {
	};
	objectVersion = 56;
	objects = {

/* Begin PBXBuildFile section */
		6500D0A42A9507D400E171D1 /* Story.swift in Sources */ = {isa = PBXBuildFile; fileRef = 6500D0A22A9507D400E171D1 /* Story.swift */; };
		6500D0A52A9507D400E171D1 /* User.swift in Sources */ = {isa = PBXBuildFile; fileRef = 6500D0A32A9507D400E171D1 /* User.swift */; };
		6500D0A82A950EE400E171D1 /* SDWebImage in Frameworks */ = {isa = PBXBuildFile; productRef = 6500D0A72A950EE400E171D1 /* SDWebImage */; };
		6500D0AA2A9511C000E171D1 /* RetroTheme.swift in Sources */ = {isa = PBXBuildFile; fileRef = 6500D0A92A9511C000E171D1 /* RetroTheme.swift */; };
		6500D0AD2A9513E400E171D1 /* StoryDetailViewController.swift in Sources */ = {isa = PBXBuildFile; fileRef = 6500D0AC2A9513E400E171D1 /* StoryDetailViewController.swift */; };
		6500D0AF2A95143700E171D1 /* StoryDetailViewModel.swift in Sources */ = {isa = PBXBuildFile; fileRef = 6500D0AE2A95143700E171D1 /* StoryDetailViewModel.swift */; };
		6500D0B12A95286300E171D1 /* Podfile in Resources */ = {isa = PBXBuildFile; fileRef = 6500D0B02A95286300E171D1 /* Podfile */; };
		658F84102A95016900AB1938 /* Assets.xcassets in Resources */ = {isa = PBXBuildFile; fileRef = 658F83D42A95016800AB1938 /* Assets.xcassets */; };
		658F84112A95016900AB1938 /* loading_animation.json in Resources */ = {isa = PBXBuildFile; fileRef = 658F83D52A95016800AB1938 /* loading_animation.json */; };
		658F84122A95016900AB1938 /* AppDelegate.swift in Sources */ = {isa = PBXBuildFile; fileRef = 658F83D62A95016800AB1938 /* AppDelegate.swift */; };
		658F84142A95016A00AB1938 /* EnvironmentContract.swift in Sources */ = {isa = PBXBuildFile; fileRef = 658F83D92A95016900AB1938 /* EnvironmentContract.swift */; };
		658F84152A95016A00AB1938 /* StoriesStateContract.swift in Sources */ = {isa = PBXBuildFile; fileRef = 658F83DB2A95016900AB1938 /* StoriesStateContract.swift */; };
		658F84162A95016A00AB1938 /* StoriesStateManager.swift in Sources */ = {isa = PBXBuildFile; fileRef = 658F83DC2A95016900AB1938 /* StoriesStateManager.swift */; };
		658F84172A95016A00AB1938 /* RequestContract.swift in Sources */ = {isa = PBXBuildFile; fileRef = 658F83DF2A95016900AB1938 /* RequestContract.swift */; };
		658F84182A95016A00AB1938 /* APIError.swift in Sources */ = {isa = PBXBuildFile; fileRef = 658F83E02A95016900AB1938 /* APIError.swift */; };
		658F84192A95016A00AB1938 /* APIContract.swift in Sources */ = {isa = PBXBuildFile; fileRef = 658F83E12A95016900AB1938 /* APIContract.swift */; };
		658F841A2A95016A00AB1938 /* APIRequestContract.swift in Sources */ = {isa = PBXBuildFile; fileRef = 658F83E22A95016900AB1938 /* APIRequestContract.swift */; };
		658F841B2A95016A00AB1938 /* ResponseContract.swift in Sources */ = {isa = PBXBuildFile; fileRef = 658F83E32A95016900AB1938 /* ResponseContract.swift */; };
		658F841C2A95016A00AB1938 /* ImageManagerContract.swift in Sources */ = {isa = PBXBuildFile; fileRef = 658F83E42A95016900AB1938 /* ImageManagerContract.swift */; };
		658F841D2A95016A00AB1938 /* StoriesRequests.swift in Sources */ = {isa = PBXBuildFile; fileRef = 658F83E62A95016900AB1938 /* StoriesRequests.swift */; };
		658F841E2A95016A00AB1938 /* StoriesAPI.swift in Sources */ = {isa = PBXBuildFile; fileRef = 658F83E72A95016900AB1938 /* StoriesAPI.swift */; };
		658F841F2A95016A00AB1938 /* StoriesImageManager.swift in Sources */ = {isa = PBXBuildFile; fileRef = 658F83E82A95016900AB1938 /* StoriesImageManager.swift */; };
		658F84202A95016A00AB1938 /* StoriesEnvironment.swift in Sources */ = {isa = PBXBuildFile; fileRef = 658F83E92A95016900AB1938 /* StoriesEnvironment.swift */; };
		658F84222A95016A00AB1938 /* StoriesListViewController.swift in Sources */ = {isa = PBXBuildFile; fileRef = 658F83EE2A95016900AB1938 /* StoriesListViewController.swift */; };
		658F84232A95016A00AB1938 /* StoriesListViewModel.swift in Sources */ = {isa = PBXBuildFile; fileRef = 658F83EF2A95016900AB1938 /* StoriesListViewModel.swift */; };
		658F84242A95016A00AB1938 /* StoriesListCell.swift in Sources */ = {isa = PBXBuildFile; fileRef = 658F83F02A95016900AB1938 /* StoriesListCell.swift */; };
		658F84252A95016A00AB1938 /* RootTabBarController.swift in Sources */ = {isa = PBXBuildFile; fileRef = 658F83F22A95016900AB1938 /* RootTabBarController.swift */; };
		658F84262A95016A00AB1938 /* StoriesViewModel.swift in Sources */ = {isa = PBXBuildFile; fileRef = 658F83F42A95016900AB1938 /* StoriesViewModel.swift */; };
		658F84272A95016A00AB1938 /* AlertFactory.swift in Sources */ = {isa = PBXBuildFile; fileRef = 658F83F62A95016900AB1938 /* AlertFactory.swift */; };
		658F84282A95016A00AB1938 /* AsyncImageView.swift in Sources */ = {isa = PBXBuildFile; fileRef = 658F83F72A95016900AB1938 /* AsyncImageView.swift */; };
		658F84292A95016A00AB1938 /* AnimationController.swift in Sources */ = {isa = PBXBuildFile; fileRef = 658F83F92A95016900AB1938 /* AnimationController.swift */; };
		658F842A2A95016A00AB1938 /* String+Localized.swift in Sources */ = {isa = PBXBuildFile; fileRef = 658F83FB2A95016900AB1938 /* String+Localized.swift */; };
		658F842B2A95016A00AB1938 /* UIDevice+ScreenType.swift in Sources */ = {isa = PBXBuildFile; fileRef = 658F83FC2A95016900AB1938 /* UIDevice+ScreenType.swift */; };
		658F842C2A95016A00AB1938 /* Attributes.swift in Sources */ = {isa = PBXBuildFile; fileRef = 658F83FF2A95016900AB1938 /* Attributes.swift */; };
		658F842D2A95016A00AB1938 /* Dimensions.swift in Sources */ = {isa = PBXBuildFile; fileRef = 658F84002A95016900AB1938 /* Dimensions.swift */; };
		658F842E2A95016A00AB1938 /* Fonts.swift in Sources */ = {isa = PBXBuildFile; fileRef = 658F84012A95016900AB1938 /* Fonts.swift */; };
		658F842F2A95016A00AB1938 /* Colors.swift in Sources */ = {isa = PBXBuildFile; fileRef = 658F84022A95016900AB1938 /* Colors.swift */; };
		658F84302A95016A00AB1938 /* StoriesDesignTheme.swift in Sources */ = {isa = PBXBuildFile; fileRef = 658F84032A95016900AB1938 /* StoriesDesignTheme.swift */; };
		658F84312A95016A00AB1938 /* StoriesDesign.swift in Sources */ = {isa = PBXBuildFile; fileRef = 658F84042A95016900AB1938 /* StoriesDesign.swift */; };
		658F84322A95016A00AB1938 /* PlainTheme.swift in Sources */ = {isa = PBXBuildFile; fileRef = 658F84062A95016900AB1938 /* PlainTheme.swift */; };
		658F84332A95016A00AB1938 /* LaunchScreen.storyboard in Resources */ = {isa = PBXBuildFile; fileRef = 658F84082A95016900AB1938 /* LaunchScreen.storyboard */; };
		658F84342A95016A00AB1938 /* Localizable.strings in Resources */ = {isa = PBXBuildFile; fileRef = 658F840A2A95016900AB1938 /* Localizable.strings */; };
		658F84352A95016A00AB1938 /* StoriesListCoordinator.swift in Sources */ = {isa = PBXBuildFile; fileRef = 658F840D2A95016900AB1938 /* StoriesListCoordinator.swift */; };
		658F84362A95016A00AB1938 /* TabCoordinator.swift in Sources */ = {isa = PBXBuildFile; fileRef = 658F840E2A95016900AB1938 /* TabCoordinator.swift */; };
		658F84372A95016A00AB1938 /* Coordinator.swift in Sources */ = {isa = PBXBuildFile; fileRef = 658F840F2A95016900AB1938 /* Coordinator.swift */; };
		658F84402A9501CF00AB1938 /* StoriesListViewModelTests.swift in Sources */ = {isa = PBXBuildFile; fileRef = 658F84392A9501CF00AB1938 /* StoriesListViewModelTests.swift */; };
		658F84412A9501CF00AB1938 /* StoriesEnvironmentMock.swift in Sources */ = {isa = PBXBuildFile; fileRef = 658F843B2A9501CF00AB1938 /* StoriesEnvironmentMock.swift */; };
		658F84422A9501CF00AB1938 /* StoriesImageManagerMock.swift in Sources */ = {isa = PBXBuildFile; fileRef = 658F843C2A9501CF00AB1938 /* StoriesImageManagerMock.swift */; };
		658F84432A9501CF00AB1938 /* StoriesAPIMock.swift in Sources */ = {isa = PBXBuildFile; fileRef = 658F843D2A9501CF00AB1938 /* StoriesAPIMock.swift */; };
		658F84442A9501CF00AB1938 /* ModelMockData.swift in Sources */ = {isa = PBXBuildFile; fileRef = 658F843E2A9501CF00AB1938 /* ModelMockData.swift */; };
		658F84452A9501CF00AB1938 /* StoriesStateManagerMock.swift in Sources */ = {isa = PBXBuildFile; fileRef = 658F843F2A9501CF00AB1938 /* StoriesStateManagerMock.swift */; };
		658F84482A95028300AB1938 /* Lottie in Frameworks */ = {isa = PBXBuildFile; productRef = 658F84472A95028300AB1938 /* Lottie */; };
		658F844B2A9502AB00AB1938 /* SDWebImage in Frameworks */ = {isa = PBXBuildFile; productRef = 658F844A2A9502AB00AB1938 /* SDWebImage */; };
		658F844E2A9502BE00AB1938 /* Alamofire in Frameworks */ = {isa = PBXBuildFile; productRef = 658F844D2A9502BE00AB1938 /* Alamofire */; };
		65BCCFAA2A95296600917DE6 /* AvatarView.swift in Sources */ = {isa = PBXBuildFile; fileRef = 65BCCFA92A95296600917DE6 /* AvatarView.swift */; };
		65BCCFAD2A952DF000917DE6 /* StoryDetailViewModelTests.swift in Sources */ = {isa = PBXBuildFile; fileRef = 65BCCFAC2A952DF000917DE6 /* StoryDetailViewModelTests.swift */; };
		A130913ADDB117C59513A1C5 /* Pods_StoriesTests.framework in Frameworks */ = {isa = PBXBuildFile; fileRef = 5778ABF2A25D44F412C671D0 /* Pods_StoriesTests.framework */; };
		D19C61A7BA2763EDAB8117F5 /* Pods_Stories.framework in Frameworks */ = {isa = PBXBuildFile; fileRef = D4246F7CAAB6B69AF275DB23 /* Pods_Stories.framework */; };
/* End PBXBuildFile section */

/* Begin PBXContainerItemProxy section */
		658F83542A9500FF00AB1938 /* PBXContainerItemProxy */ = {
			isa = PBXContainerItemProxy;
			containerPortal = 658F83322A9500FE00AB1938 /* Project object */;
			proxyType = 1;
			remoteGlobalIDString = 658F83392A9500FE00AB1938;
			remoteInfo = Stories;
		};
/* End PBXContainerItemProxy section */

/* Begin PBXFileReference section */
		1B8967FE5380A6AB0C83237E /* Pods-StoriesTests.release.xcconfig */ = {isa = PBXFileReference; includeInIndex = 1; lastKnownFileType = text.xcconfig; name = "Pods-StoriesTests.release.xcconfig"; path = "Target Support Files/Pods-StoriesTests/Pods-StoriesTests.release.xcconfig"; sourceTree = "<group>"; };
		51C485967AD366EBB5C2F565 /* Pods-Stories.debug.xcconfig */ = {isa = PBXFileReference; includeInIndex = 1; lastKnownFileType = text.xcconfig; name = "Pods-Stories.debug.xcconfig"; path = "Target Support Files/Pods-Stories/Pods-Stories.debug.xcconfig"; sourceTree = "<group>"; };
		5778ABF2A25D44F412C671D0 /* Pods_StoriesTests.framework */ = {isa = PBXFileReference; explicitFileType = wrapper.framework; includeInIndex = 0; path = Pods_StoriesTests.framework; sourceTree = BUILT_PRODUCTS_DIR; };
		6500D0A22A9507D400E171D1 /* Story.swift */ = {isa = PBXFileReference; fileEncoding = 4; lastKnownFileType = sourcecode.swift; path = Story.swift; sourceTree = "<group>"; };
		6500D0A32A9507D400E171D1 /* User.swift */ = {isa = PBXFileReference; fileEncoding = 4; lastKnownFileType = sourcecode.swift; path = User.swift; sourceTree = "<group>"; };
		6500D0A92A9511C000E171D1 /* RetroTheme.swift */ = {isa = PBXFileReference; lastKnownFileType = sourcecode.swift; path = RetroTheme.swift; sourceTree = "<group>"; };
		6500D0AC2A9513E400E171D1 /* StoryDetailViewController.swift */ = {isa = PBXFileReference; lastKnownFileType = sourcecode.swift; path = StoryDetailViewController.swift; sourceTree = "<group>"; };
		6500D0AE2A95143700E171D1 /* StoryDetailViewModel.swift */ = {isa = PBXFileReference; lastKnownFileType = sourcecode.swift; path = StoryDetailViewModel.swift; sourceTree = "<group>"; };
		6500D0B02A95286300E171D1 /* Podfile */ = {isa = PBXFileReference; fileEncoding = 4; lastKnownFileType = text; path = Podfile; sourceTree = SOURCE_ROOT; };
		658F833A2A9500FE00AB1938 /* Stories.app */ = {isa = PBXFileReference; explicitFileType = wrapper.application; includeInIndex = 0; path = Stories.app; sourceTree = BUILT_PRODUCTS_DIR; };
		658F83532A9500FF00AB1938 /* StoriesTests.xctest */ = {isa = PBXFileReference; explicitFileType = wrapper.cfbundle; includeInIndex = 0; path = StoriesTests.xctest; sourceTree = BUILT_PRODUCTS_DIR; };
		658F83D42A95016800AB1938 /* Assets.xcassets */ = {isa = PBXFileReference; lastKnownFileType = folder.assetcatalog; path = Assets.xcassets; sourceTree = "<group>"; };
		658F83D52A95016800AB1938 /* loading_animation.json */ = {isa = PBXFileReference; fileEncoding = 4; lastKnownFileType = text.json; path = loading_animation.json; sourceTree = "<group>"; };
		658F83D62A95016800AB1938 /* AppDelegate.swift */ = {isa = PBXFileReference; fileEncoding = 4; lastKnownFileType = sourcecode.swift; path = AppDelegate.swift; sourceTree = "<group>"; };
		658F83D72A95016800AB1938 /* Info.plist */ = {isa = PBXFileReference; fileEncoding = 4; lastKnownFileType = text.plist.xml; path = Info.plist; sourceTree = "<group>"; };
		658F83D92A95016900AB1938 /* EnvironmentContract.swift */ = {isa = PBXFileReference; fileEncoding = 4; lastKnownFileType = sourcecode.swift; path = EnvironmentContract.swift; sourceTree = "<group>"; };
		658F83DB2A95016900AB1938 /* StoriesStateContract.swift */ = {isa = PBXFileReference; fileEncoding = 4; lastKnownFileType = sourcecode.swift; path = StoriesStateContract.swift; sourceTree = "<group>"; };
		658F83DC2A95016900AB1938 /* StoriesStateManager.swift */ = {isa = PBXFileReference; fileEncoding = 4; lastKnownFileType = sourcecode.swift; path = StoriesStateManager.swift; sourceTree = "<group>"; };
		658F83DF2A95016900AB1938 /* RequestContract.swift */ = {isa = PBXFileReference; fileEncoding = 4; lastKnownFileType = sourcecode.swift; path = RequestContract.swift; sourceTree = "<group>"; };
		658F83E02A95016900AB1938 /* APIError.swift */ = {isa = PBXFileReference; fileEncoding = 4; lastKnownFileType = sourcecode.swift; path = APIError.swift; sourceTree = "<group>"; };
		658F83E12A95016900AB1938 /* APIContract.swift */ = {isa = PBXFileReference; fileEncoding = 4; lastKnownFileType = sourcecode.swift; path = APIContract.swift; sourceTree = "<group>"; };
		658F83E22A95016900AB1938 /* APIRequestContract.swift */ = {isa = PBXFileReference; fileEncoding = 4; lastKnownFileType = sourcecode.swift; path = APIRequestContract.swift; sourceTree = "<group>"; };
		658F83E32A95016900AB1938 /* ResponseContract.swift */ = {isa = PBXFileReference; fileEncoding = 4; lastKnownFileType = sourcecode.swift; path = ResponseContract.swift; sourceTree = "<group>"; };
		658F83E42A95016900AB1938 /* ImageManagerContract.swift */ = {isa = PBXFileReference; fileEncoding = 4; lastKnownFileType = sourcecode.swift; path = ImageManagerContract.swift; sourceTree = "<group>"; };
		658F83E62A95016900AB1938 /* StoriesRequests.swift */ = {isa = PBXFileReference; fileEncoding = 4; lastKnownFileType = sourcecode.swift; path = StoriesRequests.swift; sourceTree = "<group>"; };
		658F83E72A95016900AB1938 /* StoriesAPI.swift */ = {isa = PBXFileReference; fileEncoding = 4; lastKnownFileType = sourcecode.swift; path = StoriesAPI.swift; sourceTree = "<group>"; };
		658F83E82A95016900AB1938 /* StoriesImageManager.swift */ = {isa = PBXFileReference; fileEncoding = 4; lastKnownFileType = sourcecode.swift; path = StoriesImageManager.swift; sourceTree = "<group>"; };
		658F83E92A95016900AB1938 /* StoriesEnvironment.swift */ = {isa = PBXFileReference; fileEncoding = 4; lastKnownFileType = sourcecode.swift; path = StoriesEnvironment.swift; sourceTree = "<group>"; };
		658F83EE2A95016900AB1938 /* StoriesListViewController.swift */ = {isa = PBXFileReference; fileEncoding = 4; lastKnownFileType = sourcecode.swift; path = StoriesListViewController.swift; sourceTree = "<group>"; };
		658F83EF2A95016900AB1938 /* StoriesListViewModel.swift */ = {isa = PBXFileReference; fileEncoding = 4; lastKnownFileType = sourcecode.swift; path = StoriesListViewModel.swift; sourceTree = "<group>"; };
		658F83F02A95016900AB1938 /* StoriesListCell.swift */ = {isa = PBXFileReference; fileEncoding = 4; lastKnownFileType = sourcecode.swift; path = StoriesListCell.swift; sourceTree = "<group>"; };
		658F83F22A95016900AB1938 /* RootTabBarController.swift */ = {isa = PBXFileReference; fileEncoding = 4; lastKnownFileType = sourcecode.swift; path = RootTabBarController.swift; sourceTree = "<group>"; };
		658F83F42A95016900AB1938 /* StoriesViewModel.swift */ = {isa = PBXFileReference; fileEncoding = 4; lastKnownFileType = sourcecode.swift; path = StoriesViewModel.swift; sourceTree = "<group>"; };
		658F83F62A95016900AB1938 /* AlertFactory.swift */ = {isa = PBXFileReference; fileEncoding = 4; lastKnownFileType = sourcecode.swift; path = AlertFactory.swift; sourceTree = "<group>"; };
		658F83F72A95016900AB1938 /* AsyncImageView.swift */ = {isa = PBXFileReference; fileEncoding = 4; lastKnownFileType = sourcecode.swift; path = AsyncImageView.swift; sourceTree = "<group>"; };
		658F83F92A95016900AB1938 /* AnimationController.swift */ = {isa = PBXFileReference; fileEncoding = 4; lastKnownFileType = sourcecode.swift; path = AnimationController.swift; sourceTree = "<group>"; };
		658F83FB2A95016900AB1938 /* String+Localized.swift */ = {isa = PBXFileReference; fileEncoding = 4; lastKnownFileType = sourcecode.swift; path = "String+Localized.swift"; sourceTree = "<group>"; };
		658F83FC2A95016900AB1938 /* UIDevice+ScreenType.swift */ = {isa = PBXFileReference; fileEncoding = 4; lastKnownFileType = sourcecode.swift; path = "UIDevice+ScreenType.swift"; sourceTree = "<group>"; };
		658F83FF2A95016900AB1938 /* Attributes.swift */ = {isa = PBXFileReference; fileEncoding = 4; lastKnownFileType = sourcecode.swift; path = Attributes.swift; sourceTree = "<group>"; };
		658F84002A95016900AB1938 /* Dimensions.swift */ = {isa = PBXFileReference; fileEncoding = 4; lastKnownFileType = sourcecode.swift; path = Dimensions.swift; sourceTree = "<group>"; };
		658F84012A95016900AB1938 /* Fonts.swift */ = {isa = PBXFileReference; fileEncoding = 4; lastKnownFileType = sourcecode.swift; path = Fonts.swift; sourceTree = "<group>"; };
		658F84022A95016900AB1938 /* Colors.swift */ = {isa = PBXFileReference; fileEncoding = 4; lastKnownFileType = sourcecode.swift; path = Colors.swift; sourceTree = "<group>"; };
		658F84032A95016900AB1938 /* StoriesDesignTheme.swift */ = {isa = PBXFileReference; fileEncoding = 4; lastKnownFileType = sourcecode.swift; path = StoriesDesignTheme.swift; sourceTree = "<group>"; };
		658F84042A95016900AB1938 /* StoriesDesign.swift */ = {isa = PBXFileReference; fileEncoding = 4; lastKnownFileType = sourcecode.swift; path = StoriesDesign.swift; sourceTree = "<group>"; };
		658F84062A95016900AB1938 /* PlainTheme.swift */ = {isa = PBXFileReference; fileEncoding = 4; lastKnownFileType = sourcecode.swift; path = PlainTheme.swift; sourceTree = "<group>"; };
		658F84092A95016900AB1938 /* en */ = {isa = PBXFileReference; lastKnownFileType = file.storyboard; name = en; path = LaunchScreen.storyboard; sourceTree = "<group>"; };
		658F840B2A95016900AB1938 /* en */ = {isa = PBXFileReference; lastKnownFileType = text.plist.strings; name = en; path = Localizable.strings; sourceTree = "<group>"; };
		658F840D2A95016900AB1938 /* StoriesListCoordinator.swift */ = {isa = PBXFileReference; fileEncoding = 4; lastKnownFileType = sourcecode.swift; path = StoriesListCoordinator.swift; sourceTree = "<group>"; };
		658F840E2A95016900AB1938 /* TabCoordinator.swift */ = {isa = PBXFileReference; fileEncoding = 4; lastKnownFileType = sourcecode.swift; path = TabCoordinator.swift; sourceTree = "<group>"; };
		658F840F2A95016900AB1938 /* Coordinator.swift */ = {isa = PBXFileReference; fileEncoding = 4; lastKnownFileType = sourcecode.swift; path = Coordinator.swift; sourceTree = "<group>"; };
		658F84392A9501CF00AB1938 /* StoriesListViewModelTests.swift */ = {isa = PBXFileReference; fileEncoding = 4; lastKnownFileType = sourcecode.swift; path = StoriesListViewModelTests.swift; sourceTree = "<group>"; };
		658F843B2A9501CF00AB1938 /* StoriesEnvironmentMock.swift */ = {isa = PBXFileReference; fileEncoding = 4; lastKnownFileType = sourcecode.swift; path = StoriesEnvironmentMock.swift; sourceTree = "<group>"; };
		658F843C2A9501CF00AB1938 /* StoriesImageManagerMock.swift */ = {isa = PBXFileReference; fileEncoding = 4; lastKnownFileType = sourcecode.swift; path = StoriesImageManagerMock.swift; sourceTree = "<group>"; };
		658F843D2A9501CF00AB1938 /* StoriesAPIMock.swift */ = {isa = PBXFileReference; fileEncoding = 4; lastKnownFileType = sourcecode.swift; path = StoriesAPIMock.swift; sourceTree = "<group>"; };
		658F843E2A9501CF00AB1938 /* ModelMockData.swift */ = {isa = PBXFileReference; fileEncoding = 4; lastKnownFileType = sourcecode.swift; path = ModelMockData.swift; sourceTree = "<group>"; };
		658F843F2A9501CF00AB1938 /* StoriesStateManagerMock.swift */ = {isa = PBXFileReference; fileEncoding = 4; lastKnownFileType = sourcecode.swift; path = StoriesStateManagerMock.swift; sourceTree = "<group>"; };
		65BCCFA92A95296600917DE6 /* AvatarView.swift */ = {isa = PBXFileReference; lastKnownFileType = sourcecode.swift; path = AvatarView.swift; sourceTree = "<group>"; };
		65BCCFAC2A952DF000917DE6 /* StoryDetailViewModelTests.swift */ = {isa = PBXFileReference; lastKnownFileType = sourcecode.swift; path = StoryDetailViewModelTests.swift; sourceTree = "<group>"; };
		A89D5617034057D03C4C98D9 /* Pods-StoriesTests.debug.xcconfig */ = {isa = PBXFileReference; includeInIndex = 1; lastKnownFileType = text.xcconfig; name = "Pods-StoriesTests.debug.xcconfig"; path = "Target Support Files/Pods-StoriesTests/Pods-StoriesTests.debug.xcconfig"; sourceTree = "<group>"; };
		C1B85C6487F258BACA90053F /* Pods-Stories.release.xcconfig */ = {isa = PBXFileReference; includeInIndex = 1; lastKnownFileType = text.xcconfig; name = "Pods-Stories.release.xcconfig"; path = "Target Support Files/Pods-Stories/Pods-Stories.release.xcconfig"; sourceTree = "<group>"; };
		D4246F7CAAB6B69AF275DB23 /* Pods_Stories.framework */ = {isa = PBXFileReference; explicitFileType = wrapper.framework; includeInIndex = 0; path = Pods_Stories.framework; sourceTree = BUILT_PRODUCTS_DIR; };
/* End PBXFileReference section */

/* Begin PBXFrameworksBuildPhase section */
		658F83372A9500FE00AB1938 /* Frameworks */ = {
			isa = PBXFrameworksBuildPhase;
			buildActionMask = 2147483647;
			files = (
				658F844E2A9502BE00AB1938 /* Alamofire in Frameworks */,
				658F844B2A9502AB00AB1938 /* SDWebImage in Frameworks */,
				658F84482A95028300AB1938 /* Lottie in Frameworks */,
				D19C61A7BA2763EDAB8117F5 /* Pods_Stories.framework in Frameworks */,
			);
			runOnlyForDeploymentPostprocessing = 0;
		};
		658F83502A9500FF00AB1938 /* Frameworks */ = {
			isa = PBXFrameworksBuildPhase;
			buildActionMask = 2147483647;
			files = (
				6500D0A82A950EE400E171D1 /* SDWebImage in Frameworks */,
				A130913ADDB117C59513A1C5 /* Pods_StoriesTests.framework in Frameworks */,
			);
			runOnlyForDeploymentPostprocessing = 0;
		};
/* End PBXFrameworksBuildPhase section */

/* Begin PBXGroup section */
		6500D0A62A950EE400E171D1 /* Frameworks */ = {
			isa = PBXGroup;
			children = (
				D4246F7CAAB6B69AF275DB23 /* Pods_Stories.framework */,
				5778ABF2A25D44F412C671D0 /* Pods_StoriesTests.framework */,
			);
			name = Frameworks;
			sourceTree = "<group>";
		};
		6500D0AB2A95139600E171D1 /* StoryDetail */ = {
			isa = PBXGroup;
			children = (
				6500D0AC2A9513E400E171D1 /* StoryDetailViewController.swift */,
				6500D0AE2A95143700E171D1 /* StoryDetailViewModel.swift */,
			);
			path = StoryDetail;
			sourceTree = "<group>";
		};
		658F83312A9500FE00AB1938 = {
			isa = PBXGroup;
			children = (
				658F833C2A9500FE00AB1938 /* Stories */,
				658F83562A9500FF00AB1938 /* StoriesTests */,
				658F833B2A9500FE00AB1938 /* Products */,
				6500D0A62A950EE400E171D1 /* Frameworks */,
				C772D47CD1D0C98EDA8A6D61 /* Pods */,
			);
			sourceTree = "<group>";
		};
		658F833B2A9500FE00AB1938 /* Products */ = {
			isa = PBXGroup;
			children = (
				658F833A2A9500FE00AB1938 /* Stories.app */,
				658F83532A9500FF00AB1938 /* StoriesTests.xctest */,
			);
			name = Products;
			sourceTree = "<group>";
		};
		658F833C2A9500FE00AB1938 /* Stories */ = {
			isa = PBXGroup;
			children = (
				658F83FA2A95016900AB1938 /* Helpers */,
				658F83D82A95016900AB1938 /* Model */,
				658F83FD2A95016900AB1938 /* Design */,
				658F840C2A95016900AB1938 /* Coordinator */,
				658F83EC2A95016900AB1938 /* View */,
				658F83D62A95016800AB1938 /* AppDelegate.swift */,
				658F84072A95016900AB1938 /* en.lproj */,
				658F83D72A95016800AB1938 /* Info.plist */,
				658F83D42A95016800AB1938 /* Assets.xcassets */,
				658F83D52A95016800AB1938 /* loading_animation.json */,
				6500D0B02A95286300E171D1 /* Podfile */,
			);
			path = Stories;
			sourceTree = "<group>";
		};
		658F83562A9500FF00AB1938 /* StoriesTests */ = {
			isa = PBXGroup;
			children = (
				658F843A2A9501CF00AB1938 /* MockModel */,
				658F84382A9501CF00AB1938 /* StoriesList */,
				65BCCFAB2A952DD900917DE6 /* StoryDetail */,
			);
			path = StoriesTests;
			sourceTree = "<group>";
		};
		658F83D82A95016900AB1938 /* Model */ = {
			isa = PBXGroup;
			children = (
				658F83D92A95016900AB1938 /* EnvironmentContract.swift */,
				658F83DA2A95016900AB1938 /* State */,
				658F83DD2A95016900AB1938 /* API */,
				658F83E92A95016900AB1938 /* StoriesEnvironment.swift */,
				658F83EA2A95016900AB1938 /* Data */,
			);
			path = Model;
			sourceTree = "<group>";
		};
		658F83DA2A95016900AB1938 /* State */ = {
			isa = PBXGroup;
			children = (
				658F83DB2A95016900AB1938 /* StoriesStateContract.swift */,
				658F83DC2A95016900AB1938 /* StoriesStateManager.swift */,
			);
			path = State;
			sourceTree = "<group>";
		};
		658F83DD2A95016900AB1938 /* API */ = {
			isa = PBXGroup;
			children = (
				658F83DE2A95016900AB1938 /* Contracts */,
				658F83E52A95016900AB1938 /* Requests */,
				658F83E72A95016900AB1938 /* StoriesAPI.swift */,
				658F83E82A95016900AB1938 /* StoriesImageManager.swift */,
			);
			path = API;
			sourceTree = "<group>";
		};
		658F83DE2A95016900AB1938 /* Contracts */ = {
			isa = PBXGroup;
			children = (
				658F83DF2A95016900AB1938 /* RequestContract.swift */,
				658F83E02A95016900AB1938 /* APIError.swift */,
				658F83E12A95016900AB1938 /* APIContract.swift */,
				658F83E22A95016900AB1938 /* APIRequestContract.swift */,
				658F83E32A95016900AB1938 /* ResponseContract.swift */,
				658F83E42A95016900AB1938 /* ImageManagerContract.swift */,
			);
			path = Contracts;
			sourceTree = "<group>";
		};
		658F83E52A95016900AB1938 /* Requests */ = {
			isa = PBXGroup;
			children = (
				658F83E62A95016900AB1938 /* StoriesRequests.swift */,
			);
			path = Requests;
			sourceTree = "<group>";
		};
		658F83EA2A95016900AB1938 /* Data */ = {
			isa = PBXGroup;
			children = (
				6500D0A22A9507D400E171D1 /* Story.swift */,
				6500D0A32A9507D400E171D1 /* User.swift */,
			);
			path = Data;
			sourceTree = "<group>";
		};
		658F83EC2A95016900AB1938 /* View */ = {
			isa = PBXGroup;
			children = (
				658F83F82A95016900AB1938 /* Animations */,
				658F83F32A95016900AB1938 /* Base */,
				658F83F12A95016900AB1938 /* Root */,
				658F83ED2A95016900AB1938 /* StoriesList */,
				6500D0AB2A95139600E171D1 /* StoryDetail */,
			);
			path = View;
			sourceTree = "<group>";
		};
		658F83ED2A95016900AB1938 /* StoriesList */ = {
			isa = PBXGroup;
			children = (
				658F83EE2A95016900AB1938 /* StoriesListViewController.swift */,
				658F83EF2A95016900AB1938 /* StoriesListViewModel.swift */,
				658F83F02A95016900AB1938 /* StoriesListCell.swift */,
			);
			path = StoriesList;
			sourceTree = "<group>";
		};
		658F83F12A95016900AB1938 /* Root */ = {
			isa = PBXGroup;
			children = (
				658F83F22A95016900AB1938 /* RootTabBarController.swift */,
			);
			path = Root;
			sourceTree = "<group>";
		};
		658F83F32A95016900AB1938 /* Base */ = {
			isa = PBXGroup;
			children = (
				658F83F42A95016900AB1938 /* StoriesViewModel.swift */,
				658F83F52A95016900AB1938 /* Components */,
			);
			path = Base;
			sourceTree = "<group>";
		};
		658F83F52A95016900AB1938 /* Components */ = {
			isa = PBXGroup;
			children = (
				658F83F62A95016900AB1938 /* AlertFactory.swift */,
				658F83F72A95016900AB1938 /* AsyncImageView.swift */,
				65BCCFA92A95296600917DE6 /* AvatarView.swift */,
			);
			path = Components;
			sourceTree = "<group>";
		};
		658F83F82A95016900AB1938 /* Animations */ = {
			isa = PBXGroup;
			children = (
				658F83F92A95016900AB1938 /* AnimationController.swift */,
			);
			path = Animations;
			sourceTree = "<group>";
		};
		658F83FA2A95016900AB1938 /* Helpers */ = {
			isa = PBXGroup;
			children = (
				658F83FB2A95016900AB1938 /* String+Localized.swift */,
				658F83FC2A95016900AB1938 /* UIDevice+ScreenType.swift */,
			);
			path = Helpers;
			sourceTree = "<group>";
		};
		658F83FD2A95016900AB1938 /* Design */ = {
			isa = PBXGroup;
			children = (
				658F83FE2A95016900AB1938 /* Contracts */,
				658F84042A95016900AB1938 /* StoriesDesign.swift */,
				658F84052A95016900AB1938 /* Themes */,
			);
			path = Design;
			sourceTree = "<group>";
		};
		658F83FE2A95016900AB1938 /* Contracts */ = {
			isa = PBXGroup;
			children = (
				658F83FF2A95016900AB1938 /* Attributes.swift */,
				658F84002A95016900AB1938 /* Dimensions.swift */,
				658F84012A95016900AB1938 /* Fonts.swift */,
				658F84022A95016900AB1938 /* Colors.swift */,
				658F84032A95016900AB1938 /* StoriesDesignTheme.swift */,
			);
			path = Contracts;
			sourceTree = "<group>";
		};
		658F84052A95016900AB1938 /* Themes */ = {
			isa = PBXGroup;
			children = (
				658F84062A95016900AB1938 /* PlainTheme.swift */,
				6500D0A92A9511C000E171D1 /* RetroTheme.swift */,
			);
			path = Themes;
			sourceTree = "<group>";
		};
		658F84072A95016900AB1938 /* en.lproj */ = {
			isa = PBXGroup;
			children = (
				658F84082A95016900AB1938 /* LaunchScreen.storyboard */,
				658F840A2A95016900AB1938 /* Localizable.strings */,
			);
			path = en.lproj;
			sourceTree = "<group>";
		};
		658F840C2A95016900AB1938 /* Coordinator */ = {
			isa = PBXGroup;
			children = (
				658F840F2A95016900AB1938 /* Coordinator.swift */,
				658F840E2A95016900AB1938 /* TabCoordinator.swift */,
				658F840D2A95016900AB1938 /* StoriesListCoordinator.swift */,
			);
			path = Coordinator;
			sourceTree = "<group>";
		};
		658F84382A9501CF00AB1938 /* StoriesList */ = {
			isa = PBXGroup;
			children = (
				658F84392A9501CF00AB1938 /* StoriesListViewModelTests.swift */,
			);
			path = StoriesList;
			sourceTree = "<group>";
		};
		658F843A2A9501CF00AB1938 /* MockModel */ = {
			isa = PBXGroup;
			children = (
				658F843E2A9501CF00AB1938 /* ModelMockData.swift */,
				658F843B2A9501CF00AB1938 /* StoriesEnvironmentMock.swift */,
				658F843C2A9501CF00AB1938 /* StoriesImageManagerMock.swift */,
				658F843D2A9501CF00AB1938 /* StoriesAPIMock.swift */,
				658F843F2A9501CF00AB1938 /* StoriesStateManagerMock.swift */,
			);
			path = MockModel;
			sourceTree = "<group>";
		};
		65BCCFAB2A952DD900917DE6 /* StoryDetail */ = {
			isa = PBXGroup;
			children = (
				65BCCFAC2A952DF000917DE6 /* StoryDetailViewModelTests.swift */,
			);
			path = StoryDetail;
			sourceTree = "<group>";
		};
		C772D47CD1D0C98EDA8A6D61 /* Pods */ = {
			isa = PBXGroup;
			children = (
				51C485967AD366EBB5C2F565 /* Pods-Stories.debug.xcconfig */,
				C1B85C6487F258BACA90053F /* Pods-Stories.release.xcconfig */,
				A89D5617034057D03C4C98D9 /* Pods-StoriesTests.debug.xcconfig */,
				1B8967FE5380A6AB0C83237E /* Pods-StoriesTests.release.xcconfig */,
			);
			path = Pods;
			sourceTree = "<group>";
		};
/* End PBXGroup section */

/* Begin PBXNativeTarget section */
		658F83392A9500FE00AB1938 /* Stories */ = {
			isa = PBXNativeTarget;
			buildConfigurationList = 658F83672A9500FF00AB1938 /* Build configuration list for PBXNativeTarget "Stories" */;
			buildPhases = (
				01AE62E9E45F26BA7CE2800F /* [CP] Check Pods Manifest.lock */,
				658F83362A9500FE00AB1938 /* Sources */,
				658F83372A9500FE00AB1938 /* Frameworks */,
				658F83382A9500FE00AB1938 /* Resources */,
				D0CD2BF52B560F637A744ADA /* [CP] Embed Pods Frameworks */,
			);
			buildRules = (
			);
			dependencies = (
			);
			name = Stories;
			packageProductDependencies = (
				658F84472A95028300AB1938 /* Lottie */,
				658F844A2A9502AB00AB1938 /* SDWebImage */,
				658F844D2A9502BE00AB1938 /* Alamofire */,
			);
			productName = Stories;
			productReference = 658F833A2A9500FE00AB1938 /* Stories.app */;
			productType = "com.apple.product-type.application";
		};
		658F83522A9500FF00AB1938 /* StoriesTests */ = {
			isa = PBXNativeTarget;
			buildConfigurationList = 658F836A2A9500FF00AB1938 /* Build configuration list for PBXNativeTarget "StoriesTests" */;
			buildPhases = (
				25E730D18495E77C322AB4B3 /* [CP] Check Pods Manifest.lock */,
				658F834F2A9500FF00AB1938 /* Sources */,
				658F83502A9500FF00AB1938 /* Frameworks */,
				658F83512A9500FF00AB1938 /* Resources */,
			);
			buildRules = (
			);
			dependencies = (
				658F83552A9500FF00AB1938 /* PBXTargetDependency */,
			);
			name = StoriesTests;
			packageProductDependencies = (
				6500D0A72A950EE400E171D1 /* SDWebImage */,
			);
			productName = StoriesTests;
			productReference = 658F83532A9500FF00AB1938 /* StoriesTests.xctest */;
			productType = "com.apple.product-type.bundle.unit-test";
		};
/* End PBXNativeTarget section */

/* Begin PBXProject section */
		658F83322A9500FE00AB1938 /* Project object */ = {
			isa = PBXProject;
			attributes = {
				BuildIndependentTargetsInParallel = 1;
				LastSwiftUpdateCheck = 1420;
				LastUpgradeCheck = 1420;
				TargetAttributes = {
					658F83392A9500FE00AB1938 = {
						CreatedOnToolsVersion = 14.2;
						LastSwiftMigration = 1420;
					};
					658F83522A9500FF00AB1938 = {
						CreatedOnToolsVersion = 14.2;
						TestTargetID = 658F83392A9500FE00AB1938;
					};
				};
			};
			buildConfigurationList = 658F83352A9500FE00AB1938 /* Build configuration list for PBXProject "Stories" */;
			compatibilityVersion = "Xcode 14.0";
			developmentRegion = en;
			hasScannedForEncodings = 0;
			knownRegions = (
				en,
			);
			mainGroup = 658F83312A9500FE00AB1938;
			packageReferences = (
				658F84462A95028300AB1938 /* XCRemoteSwiftPackageReference "lottie-ios" */,
				658F84492A9502AB00AB1938 /* XCRemoteSwiftPackageReference "SDWebImage" */,
				658F844C2A9502BE00AB1938 /* XCRemoteSwiftPackageReference "Alamofire" */,
			);
			productRefGroup = 658F833B2A9500FE00AB1938 /* Products */;
			projectDirPath = "";
			projectRoot = "";
			targets = (
				658F83392A9500FE00AB1938 /* Stories */,
				658F83522A9500FF00AB1938 /* StoriesTests */,
			);
		};
/* End PBXProject section */

/* Begin PBXResourcesBuildPhase section */
		658F83382A9500FE00AB1938 /* Resources */ = {
			isa = PBXResourcesBuildPhase;
			buildActionMask = 2147483647;
			files = (
				6500D0B12A95286300E171D1 /* Podfile in Resources */,
				658F84342A95016A00AB1938 /* Localizable.strings in Resources */,
				658F84102A95016900AB1938 /* Assets.xcassets in Resources */,
				658F84332A95016A00AB1938 /* LaunchScreen.storyboard in Resources */,
				658F84112A95016900AB1938 /* loading_animation.json in Resources */,
			);
			runOnlyForDeploymentPostprocessing = 0;
		};
		658F83512A9500FF00AB1938 /* Resources */ = {
			isa = PBXResourcesBuildPhase;
			buildActionMask = 2147483647;
			files = (
			);
			runOnlyForDeploymentPostprocessing = 0;
		};
/* End PBXResourcesBuildPhase section */

/* Begin PBXShellScriptBuildPhase section */
		01AE62E9E45F26BA7CE2800F /* [CP] Check Pods Manifest.lock */ = {
			isa = PBXShellScriptBuildPhase;
			buildActionMask = 2147483647;
			files = (
			);
			inputFileListPaths = (
			);
			inputPaths = (
				"${PODS_PODFILE_DIR_PATH}/Podfile.lock",
				"${PODS_ROOT}/Manifest.lock",
			);
			name = "[CP] Check Pods Manifest.lock";
			outputFileListPaths = (
			);
			outputPaths = (
				"$(DERIVED_FILE_DIR)/Pods-Stories-checkManifestLockResult.txt",
			);
			runOnlyForDeploymentPostprocessing = 0;
			shellPath = /bin/sh;
			shellScript = "diff \"${PODS_PODFILE_DIR_PATH}/Podfile.lock\" \"${PODS_ROOT}/Manifest.lock\" > /dev/null\nif [ $? != 0 ] ; then\n    # print error to STDERR\n    echo \"error: The sandbox is not in sync with the Podfile.lock. Run 'pod install' or update your CocoaPods installation.\" >&2\n    exit 1\nfi\n# This output is used by Xcode 'outputs' to avoid re-running this script phase.\necho \"SUCCESS\" > \"${SCRIPT_OUTPUT_FILE_0}\"\n";
			showEnvVarsInLog = 0;
		};
		25E730D18495E77C322AB4B3 /* [CP] Check Pods Manifest.lock */ = {
			isa = PBXShellScriptBuildPhase;
			buildActionMask = 2147483647;
			files = (
			);
			inputFileListPaths = (
			);
			inputPaths = (
				"${PODS_PODFILE_DIR_PATH}/Podfile.lock",
				"${PODS_ROOT}/Manifest.lock",
			);
			name = "[CP] Check Pods Manifest.lock";
			outputFileListPaths = (
			);
			outputPaths = (
				"$(DERIVED_FILE_DIR)/Pods-StoriesTests-checkManifestLockResult.txt",
			);
			runOnlyForDeploymentPostprocessing = 0;
			shellPath = /bin/sh;
			shellScript = "diff \"${PODS_PODFILE_DIR_PATH}/Podfile.lock\" \"${PODS_ROOT}/Manifest.lock\" > /dev/null\nif [ $? != 0 ] ; then\n    # print error to STDERR\n    echo \"error: The sandbox is not in sync with the Podfile.lock. Run 'pod install' or update your CocoaPods installation.\" >&2\n    exit 1\nfi\n# This output is used by Xcode 'outputs' to avoid re-running this script phase.\necho \"SUCCESS\" > \"${SCRIPT_OUTPUT_FILE_0}\"\n";
			showEnvVarsInLog = 0;
		};
		D0CD2BF52B560F637A744ADA /* [CP] Embed Pods Frameworks */ = {
			isa = PBXShellScriptBuildPhase;
			buildActionMask = 2147483647;
			files = (
			);
			inputFileListPaths = (
				"${PODS_ROOT}/Target Support Files/Pods-Stories/Pods-Stories-frameworks-${CONFIGURATION}-input-files.xcfilelist",
			);
			name = "[CP] Embed Pods Frameworks";
			outputFileListPaths = (
				"${PODS_ROOT}/Target Support Files/Pods-Stories/Pods-Stories-frameworks-${CONFIGURATION}-output-files.xcfilelist",
			);
			runOnlyForDeploymentPostprocessing = 0;
			shellPath = /bin/sh;
			shellScript = "\"${PODS_ROOT}/Target Support Files/Pods-Stories/Pods-Stories-frameworks.sh\"\n";
			showEnvVarsInLog = 0;
		};
/* End PBXShellScriptBuildPhase section */

/* Begin PBXSourcesBuildPhase section */
		658F83362A9500FE00AB1938 /* Sources */ = {
			isa = PBXSourcesBuildPhase;
			buildActionMask = 2147483647;
			files = (
				658F842E2A95016A00AB1938 /* Fonts.swift in Sources */,
				6500D0AF2A95143700E171D1 /* StoryDetailViewModel.swift in Sources */,
				658F841F2A95016A00AB1938 /* StoriesImageManager.swift in Sources */,
				658F841B2A95016A00AB1938 /* ResponseContract.swift in Sources */,
				658F84162A95016A00AB1938 /* StoriesStateManager.swift in Sources */,
				658F84362A95016A00AB1938 /* TabCoordinator.swift in Sources */,
				658F841D2A95016A00AB1938 /* StoriesRequests.swift in Sources */,
				658F84312A95016A00AB1938 /* StoriesDesign.swift in Sources */,
				658F841E2A95016A00AB1938 /* StoriesAPI.swift in Sources */,
				658F84282A95016A00AB1938 /* AsyncImageView.swift in Sources */,
				658F84122A95016900AB1938 /* AppDelegate.swift in Sources */,
				658F84192A95016A00AB1938 /* APIContract.swift in Sources */,
				658F84152A95016A00AB1938 /* StoriesStateContract.swift in Sources */,
				65BCCFAA2A95296600917DE6 /* AvatarView.swift in Sources */,
				658F84352A95016A00AB1938 /* StoriesListCoordinator.swift in Sources */,
				658F841A2A95016A00AB1938 /* APIRequestContract.swift in Sources */,
				658F84252A95016A00AB1938 /* RootTabBarController.swift in Sources */,
				658F84142A95016A00AB1938 /* EnvironmentContract.swift in Sources */,
				658F84272A95016A00AB1938 /* AlertFactory.swift in Sources */,
				6500D0AD2A9513E400E171D1 /* StoryDetailViewController.swift in Sources */,
				658F84202A95016A00AB1938 /* StoriesEnvironment.swift in Sources */,
				6500D0AA2A9511C000E171D1 /* RetroTheme.swift in Sources */,
				658F84172A95016A00AB1938 /* RequestContract.swift in Sources */,
				658F84222A95016A00AB1938 /* StoriesListViewController.swift in Sources */,
				658F84322A95016A00AB1938 /* PlainTheme.swift in Sources */,
				658F84242A95016A00AB1938 /* StoriesListCell.swift in Sources */,
				658F842D2A95016A00AB1938 /* Dimensions.swift in Sources */,
				6500D0A52A9507D400E171D1 /* User.swift in Sources */,
				658F84262A95016A00AB1938 /* StoriesViewModel.swift in Sources */,
				658F842F2A95016A00AB1938 /* Colors.swift in Sources */,
				658F842A2A95016A00AB1938 /* String+Localized.swift in Sources */,
				658F84292A95016A00AB1938 /* AnimationController.swift in Sources */,
				658F84372A95016A00AB1938 /* Coordinator.swift in Sources */,
				658F842C2A95016A00AB1938 /* Attributes.swift in Sources */,
				658F84182A95016A00AB1938 /* APIError.swift in Sources */,
				658F842B2A95016A00AB1938 /* UIDevice+ScreenType.swift in Sources */,
				658F84302A95016A00AB1938 /* StoriesDesignTheme.swift in Sources */,
				658F841C2A95016A00AB1938 /* ImageManagerContract.swift in Sources */,
				658F84232A95016A00AB1938 /* StoriesListViewModel.swift in Sources */,
				6500D0A42A9507D400E171D1 /* Story.swift in Sources */,
			);
			runOnlyForDeploymentPostprocessing = 0;
		};
		658F834F2A9500FF00AB1938 /* Sources */ = {
			isa = PBXSourcesBuildPhase;
			buildActionMask = 2147483647;
			files = (
				658F84412A9501CF00AB1938 /* StoriesEnvironmentMock.swift in Sources */,
				658F84432A9501CF00AB1938 /* StoriesAPIMock.swift in Sources */,
				658F84452A9501CF00AB1938 /* StoriesStateManagerMock.swift in Sources */,
				658F84422A9501CF00AB1938 /* StoriesImageManagerMock.swift in Sources */,
				65BCCFAD2A952DF000917DE6 /* StoryDetailViewModelTests.swift in Sources */,
				658F84402A9501CF00AB1938 /* StoriesListViewModelTests.swift in Sources */,
				658F84442A9501CF00AB1938 /* ModelMockData.swift in Sources */,
			);
			runOnlyForDeploymentPostprocessing = 0;
		};
/* End PBXSourcesBuildPhase section */

/* Begin PBXTargetDependency section */
		658F83552A9500FF00AB1938 /* PBXTargetDependency */ = {
			isa = PBXTargetDependency;
			target = 658F83392A9500FE00AB1938 /* Stories */;
			targetProxy = 658F83542A9500FF00AB1938 /* PBXContainerItemProxy */;
		};
/* End PBXTargetDependency section */

/* Begin PBXVariantGroup section */
		658F84082A95016900AB1938 /* LaunchScreen.storyboard */ = {
			isa = PBXVariantGroup;
			children = (
				658F84092A95016900AB1938 /* en */,
			);
			name = LaunchScreen.storyboard;
			sourceTree = "<group>";
		};
		658F840A2A95016900AB1938 /* Localizable.strings */ = {
			isa = PBXVariantGroup;
			children = (
				658F840B2A95016900AB1938 /* en */,
			);
			name = Localizable.strings;
			sourceTree = "<group>";
		};
/* End PBXVariantGroup section */

/* Begin XCBuildConfiguration section */
		658F83652A9500FF00AB1938 /* Debug */ = {
			isa = XCBuildConfiguration;
			buildSettings = {
				ALWAYS_SEARCH_USER_PATHS = NO;
				CLANG_ANALYZER_NONNULL = YES;
				CLANG_ANALYZER_NUMBER_OBJECT_CONVERSION = YES_AGGRESSIVE;
				CLANG_CXX_LANGUAGE_STANDARD = "gnu++20";
				CLANG_ENABLE_MODULES = YES;
				CLANG_ENABLE_OBJC_ARC = YES;
				CLANG_ENABLE_OBJC_WEAK = YES;
				CLANG_WARN_BLOCK_CAPTURE_AUTORELEASING = YES;
				CLANG_WARN_BOOL_CONVERSION = YES;
				CLANG_WARN_COMMA = YES;
				CLANG_WARN_CONSTANT_CONVERSION = YES;
				CLANG_WARN_DEPRECATED_OBJC_IMPLEMENTATIONS = YES;
				CLANG_WARN_DIRECT_OBJC_ISA_USAGE = YES_ERROR;
				CLANG_WARN_DOCUMENTATION_COMMENTS = YES;
				CLANG_WARN_EMPTY_BODY = YES;
				CLANG_WARN_ENUM_CONVERSION = YES;
				CLANG_WARN_INFINITE_RECURSION = YES;
				CLANG_WARN_INT_CONVERSION = YES;
				CLANG_WARN_NON_LITERAL_NULL_CONVERSION = YES;
				CLANG_WARN_OBJC_IMPLICIT_RETAIN_SELF = YES;
				CLANG_WARN_OBJC_LITERAL_CONVERSION = YES;
				CLANG_WARN_OBJC_ROOT_CLASS = YES_ERROR;
				CLANG_WARN_QUOTED_INCLUDE_IN_FRAMEWORK_HEADER = YES;
				CLANG_WARN_RANGE_LOOP_ANALYSIS = YES;
				CLANG_WARN_STRICT_PROTOTYPES = YES;
				CLANG_WARN_SUSPICIOUS_MOVE = YES;
				CLANG_WARN_UNGUARDED_AVAILABILITY = YES_AGGRESSIVE;
				CLANG_WARN_UNREACHABLE_CODE = YES;
				CLANG_WARN__DUPLICATE_METHOD_MATCH = YES;
				COPY_PHASE_STRIP = NO;
				DEBUG_INFORMATION_FORMAT = dwarf;
				ENABLE_STRICT_OBJC_MSGSEND = YES;
				ENABLE_TESTABILITY = YES;
				GCC_C_LANGUAGE_STANDARD = gnu11;
				GCC_DYNAMIC_NO_PIC = NO;
				GCC_NO_COMMON_BLOCKS = YES;
				GCC_OPTIMIZATION_LEVEL = 0;
				GCC_PREPROCESSOR_DEFINITIONS = (
					"DEBUG=1",
					"$(inherited)",
				);
				GCC_WARN_64_TO_32_BIT_CONVERSION = YES;
				GCC_WARN_ABOUT_RETURN_TYPE = YES_ERROR;
				GCC_WARN_UNDECLARED_SELECTOR = YES;
				GCC_WARN_UNINITIALIZED_AUTOS = YES_AGGRESSIVE;
				GCC_WARN_UNUSED_FUNCTION = YES;
				GCC_WARN_UNUSED_VARIABLE = YES;
				IPHONEOS_DEPLOYMENT_TARGET = 16.2;
				MTL_ENABLE_DEBUG_INFO = INCLUDE_SOURCE;
				MTL_FAST_MATH = YES;
				ONLY_ACTIVE_ARCH = YES;
				SDKROOT = iphoneos;
				SWIFT_ACTIVE_COMPILATION_CONDITIONS = DEBUG;
				SWIFT_OPTIMIZATION_LEVEL = "-Onone";
			};
			name = Debug;
		};
		658F83662A9500FF00AB1938 /* Release */ = {
			isa = XCBuildConfiguration;
			buildSettings = {
				ALWAYS_SEARCH_USER_PATHS = NO;
				CLANG_ANALYZER_NONNULL = YES;
				CLANG_ANALYZER_NUMBER_OBJECT_CONVERSION = YES_AGGRESSIVE;
				CLANG_CXX_LANGUAGE_STANDARD = "gnu++20";
				CLANG_ENABLE_MODULES = YES;
				CLANG_ENABLE_OBJC_ARC = YES;
				CLANG_ENABLE_OBJC_WEAK = YES;
				CLANG_WARN_BLOCK_CAPTURE_AUTORELEASING = YES;
				CLANG_WARN_BOOL_CONVERSION = YES;
				CLANG_WARN_COMMA = YES;
				CLANG_WARN_CONSTANT_CONVERSION = YES;
				CLANG_WARN_DEPRECATED_OBJC_IMPLEMENTATIONS = YES;
				CLANG_WARN_DIRECT_OBJC_ISA_USAGE = YES_ERROR;
				CLANG_WARN_DOCUMENTATION_COMMENTS = YES;
				CLANG_WARN_EMPTY_BODY = YES;
				CLANG_WARN_ENUM_CONVERSION = YES;
				CLANG_WARN_INFINITE_RECURSION = YES;
				CLANG_WARN_INT_CONVERSION = YES;
				CLANG_WARN_NON_LITERAL_NULL_CONVERSION = YES;
				CLANG_WARN_OBJC_IMPLICIT_RETAIN_SELF = YES;
				CLANG_WARN_OBJC_LITERAL_CONVERSION = YES;
				CLANG_WARN_OBJC_ROOT_CLASS = YES_ERROR;
				CLANG_WARN_QUOTED_INCLUDE_IN_FRAMEWORK_HEADER = YES;
				CLANG_WARN_RANGE_LOOP_ANALYSIS = YES;
				CLANG_WARN_STRICT_PROTOTYPES = YES;
				CLANG_WARN_SUSPICIOUS_MOVE = YES;
				CLANG_WARN_UNGUARDED_AVAILABILITY = YES_AGGRESSIVE;
				CLANG_WARN_UNREACHABLE_CODE = YES;
				CLANG_WARN__DUPLICATE_METHOD_MATCH = YES;
				COPY_PHASE_STRIP = NO;
				DEBUG_INFORMATION_FORMAT = "dwarf-with-dsym";
				ENABLE_NS_ASSERTIONS = NO;
				ENABLE_STRICT_OBJC_MSGSEND = YES;
				GCC_C_LANGUAGE_STANDARD = gnu11;
				GCC_NO_COMMON_BLOCKS = YES;
				GCC_WARN_64_TO_32_BIT_CONVERSION = YES;
				GCC_WARN_ABOUT_RETURN_TYPE = YES_ERROR;
				GCC_WARN_UNDECLARED_SELECTOR = YES;
				GCC_WARN_UNINITIALIZED_AUTOS = YES_AGGRESSIVE;
				GCC_WARN_UNUSED_FUNCTION = YES;
				GCC_WARN_UNUSED_VARIABLE = YES;
				IPHONEOS_DEPLOYMENT_TARGET = 16.2;
				MTL_ENABLE_DEBUG_INFO = NO;
				MTL_FAST_MATH = YES;
				SDKROOT = iphoneos;
				SWIFT_COMPILATION_MODE = wholemodule;
				SWIFT_OPTIMIZATION_LEVEL = "-O";
				VALIDATE_PRODUCT = YES;
			};
			name = Release;
		};
		658F83682A9500FF00AB1938 /* Debug */ = {
			isa = XCBuildConfiguration;
			baseConfigurationReference = 51C485967AD366EBB5C2F565 /* Pods-Stories.debug.xcconfig */;
			buildSettings = {
				ASSETCATALOG_COMPILER_APPICON_NAME = AppIcon;
				ASSETCATALOG_COMPILER_GLOBAL_ACCENT_COLOR_NAME = AccentColor;
				CLANG_ENABLE_MODULES = YES;
				CODE_SIGN_STYLE = Automatic;
				CURRENT_PROJECT_VERSION = 1;
				DEVELOPMENT_TEAM = 93JJJGE2RF;
				GENERATE_INFOPLIST_FILE = YES;
				INFOPLIST_FILE = Stories/Info.plist;
				INFOPLIST_KEY_UIApplicationSupportsIndirectInputEvents = YES;
				INFOPLIST_KEY_UILaunchStoryboardName = LaunchScreen;
				INFOPLIST_KEY_UISupportedInterfaceOrientations = UIInterfaceOrientationPortrait;
				INFOPLIST_KEY_UISupportedInterfaceOrientations_iPad = "UIInterfaceOrientationLandscapeLeft UIInterfaceOrientationLandscapeRight UIInterfaceOrientationPortrait UIInterfaceOrientationPortraitUpsideDown";
				LD_RUNPATH_SEARCH_PATHS = (
					"$(inherited)",
					"@executable_path/Frameworks",
				);
				MARKETING_VERSION = 1.0;
				PRODUCT_BUNDLE_IDENTIFIER = com.danielsinclairtill.Stories;
				PRODUCT_NAME = "$(TARGET_NAME)";
				SWIFT_EMIT_LOC_STRINGS = YES;
				SWIFT_OPTIMIZATION_LEVEL = "-Onone";
				SWIFT_VERSION = 5.0;
				TARGETED_DEVICE_FAMILY = "1,2";
			};
			name = Debug;
		};
		658F83692A9500FF00AB1938 /* Release */ = {
			isa = XCBuildConfiguration;
			baseConfigurationReference = C1B85C6487F258BACA90053F /* Pods-Stories.release.xcconfig */;
			buildSettings = {
				ASSETCATALOG_COMPILER_APPICON_NAME = AppIcon;
				ASSETCATALOG_COMPILER_GLOBAL_ACCENT_COLOR_NAME = AccentColor;
				CLANG_ENABLE_MODULES = YES;
				CODE_SIGN_STYLE = Automatic;
				CURRENT_PROJECT_VERSION = 1;
				DEVELOPMENT_TEAM = 93JJJGE2RF;
				GENERATE_INFOPLIST_FILE = YES;
				INFOPLIST_FILE = Stories/Info.plist;
				INFOPLIST_KEY_UIApplicationSupportsIndirectInputEvents = YES;
				INFOPLIST_KEY_UILaunchStoryboardName = LaunchScreen;
				INFOPLIST_KEY_UISupportedInterfaceOrientations = UIInterfaceOrientationPortrait;
				INFOPLIST_KEY_UISupportedInterfaceOrientations_iPad = "UIInterfaceOrientationLandscapeLeft UIInterfaceOrientationLandscapeRight UIInterfaceOrientationPortrait UIInterfaceOrientationPortraitUpsideDown";
				LD_RUNPATH_SEARCH_PATHS = (
					"$(inherited)",
					"@executable_path/Frameworks",
				);
				MARKETING_VERSION = 1.0;
				PRODUCT_BUNDLE_IDENTIFIER = com.danielsinclairtill.Stories;
				PRODUCT_NAME = "$(TARGET_NAME)";
				SWIFT_EMIT_LOC_STRINGS = YES;
				SWIFT_VERSION = 5.0;
				TARGETED_DEVICE_FAMILY = "1,2";
			};
			name = Release;
		};
		658F836B2A9500FF00AB1938 /* Debug */ = {
			isa = XCBuildConfiguration;
			baseConfigurationReference = A89D5617034057D03C4C98D9 /* Pods-StoriesTests.debug.xcconfig */;
			buildSettings = {
				ALWAYS_EMBED_SWIFT_STANDARD_LIBRARIES = YES;
				BUNDLE_LOADER = "$(TEST_HOST)";
				CODE_SIGN_STYLE = Automatic;
				CURRENT_PROJECT_VERSION = 1;
				DEVELOPMENT_TEAM = 93JJJGE2RF;
				GENERATE_INFOPLIST_FILE = YES;
				IPHONEOS_DEPLOYMENT_TARGET = 16.2;
				MARKETING_VERSION = 1.0;
				PRODUCT_BUNDLE_IDENTIFIER = com.danielsinclairtill.StoriesTests;
				PRODUCT_NAME = "$(TARGET_NAME)";
				SWIFT_EMIT_LOC_STRINGS = NO;
				SWIFT_VERSION = 5.0;
				TARGETED_DEVICE_FAMILY = "1,2";
				TEST_HOST = "$(BUILT_PRODUCTS_DIR)/Stories.app/$(BUNDLE_EXECUTABLE_FOLDER_PATH)/Stories";
			};
			name = Debug;
		};
		658F836C2A9500FF00AB1938 /* Release */ = {
			isa = XCBuildConfiguration;
			baseConfigurationReference = 1B8967FE5380A6AB0C83237E /* Pods-StoriesTests.release.xcconfig */;
			buildSettings = {
				ALWAYS_EMBED_SWIFT_STANDARD_LIBRARIES = YES;
				BUNDLE_LOADER = "$(TEST_HOST)";
				CODE_SIGN_STYLE = Automatic;
				CURRENT_PROJECT_VERSION = 1;
				DEVELOPMENT_TEAM = 93JJJGE2RF;
				GENERATE_INFOPLIST_FILE = YES;
				IPHONEOS_DEPLOYMENT_TARGET = 16.2;
				MARKETING_VERSION = 1.0;
				PRODUCT_BUNDLE_IDENTIFIER = com.danielsinclairtill.StoriesTests;
				PRODUCT_NAME = "$(TARGET_NAME)";
				SWIFT_EMIT_LOC_STRINGS = NO;
				SWIFT_VERSION = 5.0;
				TARGETED_DEVICE_FAMILY = "1,2";
				TEST_HOST = "$(BUILT_PRODUCTS_DIR)/Stories.app/$(BUNDLE_EXECUTABLE_FOLDER_PATH)/Stories";
			};
			name = Release;
		};
/* End XCBuildConfiguration section */

/* Begin XCConfigurationList section */
		658F83352A9500FE00AB1938 /* Build configuration list for PBXProject "Stories" */ = {
			isa = XCConfigurationList;
			buildConfigurations = (
				658F83652A9500FF00AB1938 /* Debug */,
				658F83662A9500FF00AB1938 /* Release */,
			);
			defaultConfigurationIsVisible = 0;
			defaultConfigurationName = Release;
		};
		658F83672A9500FF00AB1938 /* Build configuration list for PBXNativeTarget "Stories" */ = {
			isa = XCConfigurationList;
			buildConfigurations = (
				658F83682A9500FF00AB1938 /* Debug */,
				658F83692A9500FF00AB1938 /* Release */,
			);
			defaultConfigurationIsVisible = 0;
			defaultConfigurationName = Release;
		};
		658F836A2A9500FF00AB1938 /* Build configuration list for PBXNativeTarget "StoriesTests" */ = {
			isa = XCConfigurationList;
			buildConfigurations = (
				658F836B2A9500FF00AB1938 /* Debug */,
				658F836C2A9500FF00AB1938 /* Release */,
			);
			defaultConfigurationIsVisible = 0;
			defaultConfigurationName = Release;
		};
/* End XCConfigurationList section */

/* Begin XCRemoteSwiftPackageReference section */
		658F84462A95028300AB1938 /* XCRemoteSwiftPackageReference "lottie-ios" */ = {
			isa = XCRemoteSwiftPackageReference;
			repositoryURL = "https://github.com/airbnb/lottie-ios.git";
			requirement = {
				kind = exactVersion;
				version = 4.2.0;
			};
		};
		658F84492A9502AB00AB1938 /* XCRemoteSwiftPackageReference "SDWebImage" */ = {
			isa = XCRemoteSwiftPackageReference;
			repositoryURL = "https://github.com/SDWebImage/SDWebImage.git";
			requirement = {
				kind = exactVersion;
				version = 5.17.0;
			};
		};
		658F844C2A9502BE00AB1938 /* XCRemoteSwiftPackageReference "Alamofire" */ = {
			isa = XCRemoteSwiftPackageReference;
			repositoryURL = "https://github.com/Alamofire/Alamofire.git";
			requirement = {
				kind = exactVersion;
				version = 5.7.1;
			};
		};
/* End XCRemoteSwiftPackageReference section */

/* Begin XCSwiftPackageProductDependency section */
		6500D0A72A950EE400E171D1 /* SDWebImage */ = {
			isa = XCSwiftPackageProductDependency;
			package = 658F84492A9502AB00AB1938 /* XCRemoteSwiftPackageReference "SDWebImage" */;
			productName = SDWebImage;
		};
		658F84472A95028300AB1938 /* Lottie */ = {
			isa = XCSwiftPackageProductDependency;
			package = 658F84462A95028300AB1938 /* XCRemoteSwiftPackageReference "lottie-ios" */;
			productName = Lottie;
		};
		658F844A2A9502AB00AB1938 /* SDWebImage */ = {
			isa = XCSwiftPackageProductDependency;
			package = 658F84492A9502AB00AB1938 /* XCRemoteSwiftPackageReference "SDWebImage" */;
			productName = SDWebImage;
		};
		658F844D2A9502BE00AB1938 /* Alamofire */ = {
			isa = XCSwiftPackageProductDependency;
			package = 658F844C2A9502BE00AB1938 /* XCRemoteSwiftPackageReference "Alamofire" */;
			productName = Alamofire;
		};
/* End XCSwiftPackageProductDependency section */
	};
	rootObject = 658F83322A9500FE00AB1938 /* Project object */;
}
